
Microsoft Visual Studio Solution File, Format Version 12.00
# Visual Studio 15
VisualStudioVersion = 15.0.28307.168
MinimumVisualStudioVersion = 10.0.40219.1
Project("{FAE04EC0-301F-11D3-BF4B-00C04F79EFBC}") = "Sharper", "Sharper\Sharper.csproj", "{9E2F0F55-6AC5-4B6F-B16B-14249C11DC75}"
EndProject
Project("{2150E333-8FDC-42A3-9474-1A3956D46DE8}") = "Tests", "Tests", "{8141B3DD-1A3E-4048-A92A-EFD1977BBC91}"
EndProject
Project("{FAE04EC0-301F-11D3-BF4B-00C04F79EFBC}") = "Sharper.Tests", "..\tests\dotnet\Sharper.Tests\Sharper.Tests.csproj", "{6FBF6879-5F38-486A-A175-3AB693B7CA57}"
	ProjectSection(ProjectDependencies) = postProject
		{0107E144-B3D9-4DC9-8D7B-8728DB35B275} = {0107E144-B3D9-4DC9-8D7B-8728DB35B275}
	EndProjectSection
EndProject
Project("{FAE04EC0-301F-11D3-BF4B-00C04F79EFBC}") = "AssemblyForTests", "..\tests\dotnet\AssemblyForTests\AssemblyForTests.csproj", "{0107E144-B3D9-4DC9-8D7B-8728DB35B275}"
EndProject
Global
	GlobalSection(SolutionConfigurationPlatforms) = preSolution
		Debug|Any CPU = Debug|Any CPU
		Release|Any CPU = Release|Any CPU
	EndGlobalSection
	GlobalSection(ProjectConfigurationPlatforms) = postSolution
		{9E2F0F55-6AC5-4B6F-B16B-14249C11DC75}.Debug|Any CPU.ActiveCfg = Debug|Any CPU
		{9E2F0F55-6AC5-4B6F-B16B-14249C11DC75}.Debug|Any CPU.Build.0 = Debug|Any CPU
		{9E2F0F55-6AC5-4B6F-B16B-14249C11DC75}.Release|Any CPU.ActiveCfg = Release|Any CPU
		{9E2F0F55-6AC5-4B6F-B16B-14249C11DC75}.Release|Any CPU.Build.0 = Release|Any CPU
		{6FBF6879-5F38-486A-A175-3AB693B7CA57}.Debug|Any CPU.ActiveCfg = Debug|Any CPU
		{6FBF6879-5F38-486A-A175-3AB693B7CA57}.Debug|Any CPU.Build.0 = Debug|Any CPU
		{6FBF6879-5F38-486A-A175-3AB693B7CA57}.Release|Any CPU.ActiveCfg = Release|Any CPU
		{6FBF6879-5F38-486A-A175-3AB693B7CA57}.Release|Any CPU.Build.0 = Release|Any CPU
		{0107E144-B3D9-4DC9-8D7B-8728DB35B275}.Debug|Any CPU.ActiveCfg = Debug|Any CPU
		{0107E144-B3D9-4DC9-8D7B-8728DB35B275}.Debug|Any CPU.Build.0 = Debug|Any CPU
		{0107E144-B3D9-4DC9-8D7B-8728DB35B275}.Release|Any CPU.ActiveCfg = Release|Any CPU
		{0107E144-B3D9-4DC9-8D7B-8728DB35B275}.Release|Any CPU.Build.0 = Release|Any CPU
	EndGlobalSection
	GlobalSection(SolutionProperties) = preSolution
		HideSolutionNode = FALSE
	EndGlobalSection
	GlobalSection(NestedProjects) = preSolution
		{6FBF6879-5F38-486A-A175-3AB693B7CA57} = {8141B3DD-1A3E-4048-A92A-EFD1977BBC91}
		{0107E144-B3D9-4DC9-8D7B-8728DB35B275} = {8141B3DD-1A3E-4048-A92A-EFD1977BBC91}
	EndGlobalSection
	GlobalSection(ExtensibilityGlobals) = postSolution
		SolutionGuid = {7A316C57-C570-467C-AA2E-B685B4C29D78}
	EndGlobalSection
EndGlobal
